// !$*UTF8*$!
{
	archiveVersion = 1;
	classes = {
	};
	objectVersion = 77;
	objects = {

/* Begin PBXBuildFile section */
		D57FA93A2F2C9C5D00157A72 /* HomeKit.framework in Frameworks */ = {isa = PBXBuildFile; fileRef = D57FA9382F2C9C5800157A72 /* HomeKit.framework */; };
/* End PBXBuildFile section */

/* Begin PBXContainerItemProxy section */
		D5EA4E0D2F1DFC6C004FF6C7 /* PBXContainerItemProxy */ = {
			isa = PBXContainerItemProxy;
			containerPortal = D5EA4DEB2F1DFC6B004FF6C7 /* Project object */;
			proxyType = 1;
			remoteGlobalIDString = D5EA4DF22F1DFC6B004FF6C7;
			remoteInfo = "LivingStory-iOS";
		};
		D5EA4E172F1DFC6C004FF6C7 /* PBXContainerItemProxy */ = {
			isa = PBXContainerItemProxy;
			containerPortal = D5EA4DEB2F1DFC6B004FF6C7 /* Project object */;
			proxyType = 1;
			remoteGlobalIDString = D5EA4DF22F1DFC6B004FF6C7;
			remoteInfo = "LivingStory-iOS";
		};
/* End PBXContainerItemProxy section */

/* Begin PBXCopyFilesBuildPhase section */
		D57FA93C2F2C9C5D00157A72 /* Embed Frameworks */ = {
			isa = PBXCopyFilesBuildPhase;
			buildActionMask = 2147483647;
			dstPath = "";
			dstSubfolderSpec = 10;
			files = (
			);
			name = "Embed Frameworks";
			runOnlyForDeploymentPostprocessing = 0;
		};
/* End PBXCopyFilesBuildPhase section */

/* Begin PBXFileReference section */
		D57FA9382F2C9C5800157A72 /* HomeKit.framework */ = {isa = PBXFileReference; lastKnownFileType = wrapper.framework; name = HomeKit.framework; path = System/Library/Frameworks/HomeKit.framework; sourceTree = SDKROOT; };
		D5EA4DF32F1DFC6B004FF6C7 /* LivingStory-iOS.app */ = {isa = PBXFileReference; explicitFileType = wrapper.application; includeInIndex = 0; path = "LivingStory-iOS.app"; sourceTree = BUILT_PRODUCTS_DIR; };
		D5EA4E0C2F1DFC6C004FF6C7 /* LivingStory-iOSTests.xctest */ = {isa = PBXFileReference; explicitFileType = wrapper.cfbundle; includeInIndex = 0; path = "LivingStory-iOSTests.xctest"; sourceTree = BUILT_PRODUCTS_DIR; };
		D5EA4E162F1DFC6C004FF6C7 /* LivingStory-iOSUITests.xctest */ = {isa = PBXFileReference; explicitFileType = wrapper.cfbundle; includeInIndex = 0; path = "LivingStory-iOSUITests.xctest"; sourceTree = BUILT_PRODUCTS_DIR; };
/* End PBXFileReference section */

/* Begin PBXFileSystemSynchronizedRootGroup section */
		D5EA4DF52F1DFC6B004FF6C7 /* LivingStory-iOS */ = {
			isa = PBXFileSystemSynchronizedRootGroup;
			path = "LivingStory-iOS";
			sourceTree = "<group>";
		};
		D5EA4E0F2F1DFC6C004FF6C7 /* LivingStory-iOSTests */ = {
			isa = PBXFileSystemSynchronizedRootGroup;
			path = "LivingStory-iOSTests";
			sourceTree = "<group>";
		};
		D5EA4E192F1DFC6C004FF6C7 /* LivingStory-iOSUITests */ = {
			isa = PBXFileSystemSynchronizedRootGroup;
			path = "LivingStory-iOSUITests";
			sourceTree = "<group>";
		};
/* End PBXFileSystemSynchronizedRootGroup section */

/* Begin PBXFrameworksBuildPhase section */
		D5EA4DF02F1DFC6B004FF6C7 /* Frameworks */ = {
			isa = PBXFrameworksBuildPhase;
			buildActionMask = 2147483647;
			files = (
				D57FA93A2F2C9C5D00157A72 /* HomeKit.framework in Frameworks */,
			);
			runOnlyForDeploymentPostprocessing = 0;
		};
		D5EA4E092F1DFC6C004FF6C7 /* Frameworks */ = {
			isa = PBXFrameworksBuildPhase;
			buildActionMask = 2147483647;
			files = (
			);
			runOnlyForDeploymentPostprocessing = 0;
		};
		D5EA4E132F1DFC6C004FF6C7 /* Frameworks */ = {
			isa = PBXFrameworksBuildPhase;
			buildActionMask = 2147483647;
			files = (
			);
			runOnlyForDeploymentPostprocessing = 0;
		};
/* End PBXFrameworksBuildPhase section */

/* Begin PBXGroup section */
		D57FA9372F2C9C5800157A72 /* Frameworks */ = {
			isa = PBXGroup;
			children = (
				D57FA9382F2C9C5800157A72 /* HomeKit.framework */,
			);
			name = Frameworks;
			sourceTree = "<group>";
		};
		D5EA4DEA2F1DFC6B004FF6C7 = {
			isa = PBXGroup;
			children = (
				D5EA4DF52F1DFC6B004FF6C7 /* LivingStory-iOS */,
				D5EA4E0F2F1DFC6C004FF6C7 /* LivingStory-iOSTests */,
				D5EA4E192F1DFC6C004FF6C7 /* LivingStory-iOSUITests */,
				D57FA9372F2C9C5800157A72 /* Frameworks */,
				D5EA4DF42F1DFC6B004FF6C7 /* Products */,
			);
			sourceTree = "<group>";
		};
		D5EA4DF42F1DFC6B004FF6C7 /* Products */ = {
			isa = PBXGroup;
			children = (
				D5EA4DF32F1DFC6B004FF6C7 /* LivingStory-iOS.app */,
				D5EA4E0C2F1DFC6C004FF6C7 /* LivingStory-iOSTests.xctest */,
				D5EA4E162F1DFC6C004FF6C7 /* LivingStory-iOSUITests.xctest */,
			);
			name = Products;
			sourceTree = "<group>";
		};
/* End PBXGroup section */

/* Begin PBXNativeTarget section */
		D5EA4DF22F1DFC6B004FF6C7 /* LivingStory-iOS */ = {
			isa = PBXNativeTarget;
			buildConfigurationList = D5EA4E1F2F1DFC6C004FF6C7 /* Build configuration list for PBXNativeTarget "LivingStory-iOS" */;
			buildPhases = (
				D5EA4DEF2F1DFC6B004FF6C7 /* Sources */,
				D5EA4DF02F1DFC6B004FF6C7 /* Frameworks */,
				D5EA4DF12F1DFC6B004FF6C7 /* Resources */,
				D57FA93C2F2C9C5D00157A72 /* Embed Frameworks */,
			);
			buildRules = (
			);
			dependencies = (
			);
			fileSystemSynchronizedGroups = (
				D5EA4DF52F1DFC6B004FF6C7 /* LivingStory-iOS */,
			);
			name = "LivingStory-iOS";
			packageProductDependencies = (
			);
			productName = "LivingStory-iOS";
			productReference = D5EA4DF32F1DFC6B004FF6C7 /* LivingStory-iOS.app */;
			productType = "com.apple.product-type.application";
		};
		D5EA4E0B2F1DFC6C004FF6C7 /* LivingStory-iOSTests */ = {
			isa = PBXNativeTarget;
			buildConfigurationList = D5EA4E242F1DFC6C004FF6C7 /* Build configuration list for PBXNativeTarget "LivingStory-iOSTests" */;
			buildPhases = (
				D5EA4E082F1DFC6C004FF6C7 /* Sources */,
				D5EA4E092F1DFC6C004FF6C7 /* Frameworks */,
				D5EA4E0A2F1DFC6C004FF6C7 /* Resources */,
			);
			buildRules = (
			);
			dependencies = (
				D5EA4E0E2F1DFC6C004FF6C7 /* PBXTargetDependency */,
			);
			fileSystemSynchronizedGroups = (
				D5EA4E0F2F1DFC6C004FF6C7 /* LivingStory-iOSTests */,
			);
			name = "LivingStory-iOSTests";
			packageProductDependencies = (
			);
			productName = "LivingStory-iOSTests";
			productReference = D5EA4E0C2F1DFC6C004FF6C7 /* LivingStory-iOSTests.xctest */;
			productType = "com.apple.product-type.bundle.unit-test";
		};
		D5EA4E152F1DFC6C004FF6C7 /* LivingStory-iOSUITests */ = {
			isa = PBXNativeTarget;
			buildConfigurationList = D5EA4E272F1DFC6C004FF6C7 /* Build configuration list for PBXNativeTarget "LivingStory-iOSUITests" */;
			buildPhases = (
				D5EA4E122F1DFC6C004FF6C7 /* Sources */,
				D5EA4E132F1DFC6C004FF6C7 /* Frameworks */,
				D5EA4E142F1DFC6C004FF6C7 /* Resources */,
			);
			buildRules = (
			);
			dependencies = (
				D5EA4E182F1DFC6C004FF6C7 /* PBXTargetDependency */,
			);
			fileSystemSynchronizedGroups = (
				D5EA4E192F1DFC6C004FF6C7 /* LivingStory-iOSUITests */,
			);
			name = "LivingStory-iOSUITests";
			packageProductDependencies = (
			);
			productName = "LivingStory-iOSUITests";
			productReference = D5EA4E162F1DFC6C004FF6C7 /* LivingStory-iOSUITests.xctest */;
			productType = "com.apple.product-type.bundle.ui-testing";
		};
/* End PBXNativeTarget section */

/* Begin PBXProject section */
		D5EA4DEB2F1DFC6B004FF6C7 /* Project object */ = {
			isa = PBXProject;
			attributes = {
				BuildIndependentTargetsInParallel = 1;
				LastSwiftUpdateCheck = 2620;
				LastUpgradeCheck = 2620;
				TargetAttributes = {
					D5EA4DF22F1DFC6B004FF6C7 = {
						CreatedOnToolsVersion = 26.2;
					};
					D5EA4E0B2F1DFC6C004FF6C7 = {
						CreatedOnToolsVersion = 26.2;
						TestTargetID = D5EA4DF22F1DFC6B004FF6C7;
					};
					D5EA4E152F1DFC6C004FF6C7 = {
						CreatedOnToolsVersion = 26.2;
						TestTargetID = D5EA4DF22F1DFC6B004FF6C7;
					};
				};
			};
			buildConfigurationList = D5EA4DEE2F1DFC6B004FF6C7 /* Build configuration list for PBXProject "LivingStory-iOS" */;
			developmentRegion = en;
			hasScannedForEncodings = 0;
			knownRegions = (
				en,
				Base,
			);
			mainGroup = D5EA4DEA2F1DFC6B004FF6C7;
			minimizedProjectReferenceProxies = 1;
			preferredProjectObjectVersion = 77;
			productRefGroup = D5EA4DF42F1DFC6B004FF6C7 /* Products */;
			projectDirPath = "";
			projectRoot = "";
			targets = (
				D5EA4DF22F1DFC6B004FF6C7 /* LivingStory-iOS */,
				D5EA4E0B2F1DFC6C004FF6C7 /* LivingStory-iOSTests */,
				D5EA4E152F1DFC6C004FF6C7 /* LivingStory-iOSUITests */,
			);
		};
/* End PBXProject section */

/* Begin PBXResourcesBuildPhase section */
		D5EA4DF12F1DFC6B004FF6C7 /* Resources */ = {
			isa = PBXResourcesBuildPhase;
			buildActionMask = 2147483647;
			files = (
			);
			runOnlyForDeploymentPostprocessing = 0;
		};
		D5EA4E0A2F1DFC6C004FF6C7 /* Resources */ = {
			isa = PBXResourcesBuildPhase;
			buildActionMask = 2147483647;
			files = (
			);
			runOnlyForDeploymentPostprocessing = 0;
		};
		D5EA4E142F1DFC6C004FF6C7 /* Resources */ = {
			isa = PBXResourcesBuildPhase;
			buildActionMask = 2147483647;
			files = (
			);
			runOnlyForDeploymentPostprocessing = 0;
		};
/* End PBXResourcesBuildPhase section */

/* Begin PBXSourcesBuildPhase section */
		D5EA4DEF2F1DFC6B004FF6C7 /* Sources */ = {
			isa = PBXSourcesBuildPhase;
			buildActionMask = 2147483647;
			files = (
			);
			runOnlyForDeploymentPostprocessing = 0;
		};
		D5EA4E082F1DFC6C004FF6C7 /* Sources */ = {
			isa = PBXSourcesBuildPhase;
			buildActionMask = 2147483647;
			files = (
			);
			runOnlyForDeploymentPostprocessing = 0;
		};
		D5EA4E122F1DFC6C004FF6C7 /* Sources */ = {
			isa = PBXSourcesBuildPhase;
			buildActionMask = 2147483647;
			files = (
			);
			runOnlyForDeploymentPostprocessing = 0;
		};
/* End PBXSourcesBuildPhase section */

/* Begin PBXTargetDependency section */
		D5EA4E0E2F1DFC6C004FF6C7 /* PBXTargetDependency */ = {
			isa = PBXTargetDependency;
			target = D5EA4DF22F1DFC6B004FF6C7 /* LivingStory-iOS */;
			targetProxy = D5EA4E0D2F1DFC6C004FF6C7 /* PBXContainerItemProxy */;
		};
		D5EA4E182F1DFC6C004FF6C7 /* PBXTargetDependency */ = {
			isa = PBXTargetDependency;
			target = D5EA4DF22F1DFC6B004FF6C7 /* LivingStory-iOS */;
			targetProxy = D5EA4E172F1DFC6C004FF6C7 /* PBXContainerItemProxy */;
		};
/* End PBXTargetDependency section */

/* Begin XCBuildConfiguration section */
		D5EA4E202F1DFC6C004FF6C7 /* Debug */ = {
			isa = XCBuildConfiguration;
			buildSettings = {
				ASSETCATALOG_COMPILER_APPICON_NAME = AppIcon;
				ASSETCATALOG_COMPILER_GLOBAL_ACCENT_COLOR_NAME = AccentColor;
				CODE_SIGN_ENTITLEMENTS = "LivingStory-iOS/LivingStory-iOS.entitlements";
				CODE_SIGN_STYLE = Automatic;
				CURRENT_PROJECT_VERSION = 1;
				DEVELOPMENT_TEAM = 9S8SHSW95K;
				GENERATE_INFOPLIST_FILE = NO;
				INFOPLIST_FILE = Info.plist;
				INFOPLIST_KEY_UIApplicationSupportsIndirectInputEvents = YES;
				INFOPLIST_KEY_UILaunchStoryboardName = LaunchScreen;
				INFOPLIST_KEY_UISupportedInterfaceOrientations_iPad = "UIInterfaceOrientationPortrait UIInterfaceOrientationPortraitUpsideDown UIInterfaceOrientationLandscapeLeft UIInterfaceOrientationLandscapeRight";
				INFOPLIST_KEY_UISupportedInterfaceOrientations_iPhone = "UIInterfaceOrientationPortrait UIInterfaceOrientationLandscapeLeft UIInterfaceOrientationLandscapeRight";
				IPHONEOS_DEPLOYMENT_TARGET = 26.0;
				LD_RUNPATH_SEARCH_PATHS = (
					"$(inherited)",
					"@executable_path/Frameworks",
				);
				MARKETING_VERSION = 1.0;
				PRODUCT_BUNDLE_IDENTIFIER = "com.GMYoo.Naru-iOS";
				PRODUCT_NAME = "$(TARGET_NAME)";
				STRING_CATALOG_GENERATE_SYMBOLS = YES;
				SUPPORTED_PLATFORMS = "iphoneos iphonesimulator";
				SUPPORTS_MACCATALYST = NO;
				SUPPORTS_MAC_DESIGNED_FOR_IPHONE_IPAD = NO;
				SUPPORTS_XR_DESIGNED_FOR_IPHONE_IPAD = NO;
				SWIFT_APPROACHABLE_CONCURRENCY = YES;
				SWIFT_DEFAULT_ACTOR_ISOLATION = MainActor;
				SWIFT_EMIT_LOC_STRINGS = YES;
				SWIFT_UPCOMING_FEATURE_MEMBER_IMPORT_VISIBILITY = YES;
				SWIFT_VERSION = 5.0;
				TARGETED_DEVICE_FAMILY = "1,2";
			};
			name = Debug;
		};
		D5EA4E212F1DFC6C004FF6C7 /* Release */ = {
			isa = XCBuildConfiguration;
			buildSettings = {
				ASSETCATALOG_COMPILER_APPICON_NAME = AppIcon;
				ASSETCATALOG_COMPILER_GLOBAL_ACCENT_COLOR_NAME = AccentColor;
				CODE_SIGN_ENTITLEMENTS = "LivingStory-iOS/LivingStory-iOS.entitlements";
				CODE_SIGN_STYLE = Automatic;
				CURRENT_PROJECT_VERSION = 1;
				DEVELOPMENT_TEAM = 9S8SHSW95K;
				GENERATE_INFOPLIST_FILE = NO;
				INFOPLIST_FILE = Info.plist;
				INFOPLIST_KEY_UIApplicationSupportsIndirectInputEvents = YES;
				INFOPLIST_KEY_UILaunchStoryboardName = LaunchScreen;
				INFOPLIST_KEY_UISupportedInterfaceOrientations_iPad = "UIInterfaceOrientationPortrait UIInterfaceOrientationPortraitUpsideDown UIInterfaceOrientationLandscapeLeft UIInterfaceOrientationLandscapeRight";
				INFOPLIST_KEY_UISupportedInterfaceOrientations_iPhone = "UIInterfaceOrientationPortrait UIInterfaceOrientationLandscapeLeft UIInterfaceOrientationLandscapeRight";
				IPHONEOS_DEPLOYMENT_TARGET = 26.0;
				LD_RUNPATH_SEARCH_PATHS = (
					"$(inherited)",
					"@executable_path/Frameworks",
				);
				MARKETING_VERSION = 1.0;
				PRODUCT_BUNDLE_IDENTIFIER = "com.GMYoo.Naru-iOS";
				PRODUCT_NAME = "$(TARGET_NAME)";
				STRING_CATALOG_GENERATE_SYMBOLS = YES;
				SUPPORTED_PLATFORMS = "iphoneos iphonesimulator";
				SUPPORTS_MACCATALYST = NO;
				SUPPORTS_MAC_DESIGNED_FOR_IPHONE_IPAD = NO;
				SUPPORTS_XR_DESIGNED_FOR_IPHONE_IPAD = NO;
				SWIFT_APPROACHABLE_CONCURRENCY = YES;
				SWIFT_DEFAULT_ACTOR_ISOLATION = MainActor;
				SWIFT_EMIT_LOC_STRINGS = YES;
				SWIFT_UPCOMING_FEATURE_MEMBER_IMPORT_VISIBILITY = YES;
				SWIFT_VERSION = 5.0;
				TARGETED_DEVICE_FAMILY = "1,2";
			};
			name = Release;
		};
		D5EA4E222F1DFC6C004FF6C7 /* Debug */ = {
			isa = XCBuildConfiguration;
			baseConfigurationReferenceAnchor = D5EA4DF52F1DFC6B004FF6C7 /* LivingStory-iOS */;
			baseConfigurationReferenceRelativePath = Core/Network/Config.xcconfig;
			buildSettings = {
				ALWAYS_SEARCH_USER_PATHS = NO;
				ASSETCATALOG_COMPILER_GENERATE_SWIFT_ASSET_SYMBOL_EXTENSIONS = YES;
				CLANG_ANALYZER_NONNULL = YES;
				CLANG_ANALYZER_NUMBER_OBJECT_CONVERSION = YES_AGGRESSIVE;
				CLANG_CXX_LANGUAGE_STANDARD = "gnu++20";
				CLANG_ENABLE_MODULES = YES;
				CLANG_ENABLE_OBJC_ARC = YES;
				CLANG_ENABLE_OBJC_WEAK = YES;
				CLANG_WARN_BLOCK_CAPTURE_AUTORELEASING = YES;
				CLANG_WARN_BOOL_CONVERSION = YES;
				CLANG_WARN_COMMA = YES;
				CLANG_WARN_CONSTANT_CONVERSION = YES;
				CLANG_WARN_DEPRECATED_OBJC_IMPLEMENTATIONS = YES;
				CLANG_WARN_DIRECT_OBJC_ISA_USAGE = YES_ERROR;
				CLANG_WARN_DOCUMENTATION_COMMENTS = YES;
				CLANG_WARN_EMPTY_BODY = YES;
				CLANG_WARN_ENUM_CONVERSION = YES;
				CLANG_WARN_INFINITE_RECURSION = YES;
				CLANG_WARN_INT_CONVERSION = YES;
				CLANG_WARN_NON_LITERAL_NULL_CONVERSION = YES;
				CLANG_WARN_OBJC_IMPLICIT_RETAIN_SELF = YES;
				CLANG_WARN_OBJC_LITERAL_CONVERSION = YES;
				CLANG_WARN_OBJC_ROOT_CLASS = YES_ERROR;
				CLANG_WARN_QUOTED_INCLUDE_IN_FRAMEWORK_HEADER = YES;
				CLANG_WARN_RANGE_LOOP_ANALYSIS = YES;
				CLANG_WARN_STRICT_PROTOTYPES = YES;
				CLANG_WARN_SUSPICIOUS_MOVE = YES;
				CLANG_WARN_UNGUARDED_AVAILABILITY = YES_AGGRESSIVE;
				CLANG_WARN_UNREACHABLE_CODE = YES;
				CLANG_WARN__DUPLICATE_METHOD_MATCH = YES;
				COPY_PHASE_STRIP = NO;
				DEBUG_INFORMATION_FORMAT = dwarf;
				DEVELOPMENT_TEAM = 9S8SHSW95K;
				ENABLE_STRICT_OBJC_MSGSEND = YES;
				ENABLE_TESTABILITY = YES;
				ENABLE_USER_SCRIPT_SANDBOXING = YES;
				GCC_C_LANGUAGE_STANDARD = gnu17;
				GCC_DYNAMIC_NO_PIC = NO;
				GCC_NO_COMMON_BLOCKS = YES;
				GCC_OPTIMIZATION_LEVEL = 0;
				GCC_PREPROCESSOR_DEFINITIONS = (
					"DEBUG=1",
					"$(inherited)",
				);
				GCC_WARN_64_TO_32_BIT_CONVERSION = YES;
				GCC_WARN_ABOUT_RETURN_TYPE = YES_ERROR;
				GCC_WARN_UNDECLARED_SELECTOR = YES;
				GCC_WARN_UNINITIALIZED_AUTOS = YES_AGGRESSIVE;
				GCC_WARN_UNUSED_FUNCTION = YES;
				GCC_WARN_UNUSED_VARIABLE = YES;
				IPHONEOS_DEPLOYMENT_TARGET = 26.2;
				LOCALIZATION_PREFERS_STRING_CATALOGS = YES;
				MTL_ENABLE_DEBUG_INFO = INCLUDE_SOURCE;
				MTL_FAST_MATH = YES;
				ONLY_ACTIVE_ARCH = YES;
				SDKROOT = iphoneos;
				SWIFT_ACTIVE_COMPILATION_CONDITIONS = "DEBUG $(inherited)";
				SWIFT_OPTIMIZATION_LEVEL = "-Onone";
			};
			name = Debug;
		};
		D5EA4E232F1DFC6C004FF6C7 /* Release */ = {
			isa = XCBuildConfiguration;
			baseConfigurationReferenceAnchor = D5EA4DF52F1DFC6B004FF6C7 /* LivingStory-iOS */;
			baseConfigurationReferenceRelativePath = Core/Network/Config.xcconfig;
			buildSettings = {
				ALWAYS_SEARCH_USER_PATHS = NO;
				ASSETCATALOG_COMPILER_GENERATE_SWIFT_ASSET_SYMBOL_EXTENSIONS = YES;
				CLANG_ANALYZER_NONNULL = YES;
				CLANG_ANALYZER_NUMBER_OBJECT_CONVERSION = YES_AGGRESSIVE;
				CLANG_CXX_LANGUAGE_STANDARD = "gnu++20";
				CLANG_ENABLE_MODULES = YES;
				CLANG_ENABLE_OBJC_ARC = YES;
				CLANG_ENABLE_OBJC_WEAK = YES;
				CLANG_WARN_BLOCK_CAPTURE_AUTORELEASING = YES;
				CLANG_WARN_BOOL_CONVERSION = YES;
				CLANG_WARN_COMMA = YES;
				CLANG_WARN_CONSTANT_CONVERSION = YES;
				CLANG_WARN_DEPRECATED_OBJC_IMPLEMENTATIONS = YES;
				CLANG_WARN_DIRECT_OBJC_ISA_USAGE = YES_ERROR;
				CLANG_WARN_DOCUMENTATION_COMMENTS = YES;
				CLANG_WARN_EMPTY_BODY = YES;
				CLANG_WARN_ENUM_CONVERSION = YES;
				CLANG_WARN_INFINITE_RECURSION = YES;
				CLANG_WARN_INT_CONVERSION = YES;
				CLANG_WARN_NON_LITERAL_NULL_CONVERSION = YES;
				CLANG_WARN_OBJC_IMPLICIT_RETAIN_SELF = YES;
				CLANG_WARN_OBJC_LITERAL_CONVERSION = YES;
				CLANG_WARN_OBJC_ROOT_CLASS = YES_ERROR;
				CLANG_WARN_QUOTED_INCLUDE_IN_FRAMEWORK_HEADER = YES;
				CLANG_WARN_RANGE_LOOP_ANALYSIS = YES;
				CLANG_WARN_STRICT_PROTOTYPES = YES;
				CLANG_WARN_SUSPICIOUS_MOVE = YES;
				CLANG_WARN_UNGUARDED_AVAILABILITY = YES_AGGRESSIVE;
				CLANG_WARN_UNREACHABLE_CODE = YES;
				CLANG_WARN__DUPLICATE_METHOD_MATCH = YES;
				COPY_PHASE_STRIP = NO;
				DEBUG_INFORMATION_FORMAT = "dwarf-with-dsym";
				DEVELOPMENT_TEAM = 9S8SHSW95K;
				ENABLE_NS_ASSERTIONS = NO;
				ENABLE_STRICT_OBJC_MSGSEND = YES;
				ENABLE_USER_SCRIPT_SANDBOXING = YES;
				GCC_C_LANGUAGE_STANDARD = gnu17;
				GCC_NO_COMMON_BLOCKS = YES;
				GCC_WARN_64_TO_32_BIT_CONVERSION = YES;
				GCC_WARN_ABOUT_RETURN_TYPE = YES_ERROR;
				GCC_WARN_UNDECLARED_SELECTOR = YES;
				GCC_WARN_UNINITIALIZED_AUTOS = YES_AGGRESSIVE;
				GCC_WARN_UNUSED_FUNCTION = YES;
				GCC_WARN_UNUSED_VARIABLE = YES;
				IPHONEOS_DEPLOYMENT_TARGET = 26.2;
				LOCALIZATION_PREFERS_STRING_CATALOGS = YES;
				MTL_ENABLE_DEBUG_INFO = NO;
				MTL_FAST_MATH = YES;
				SDKROOT = iphoneos;
				SWIFT_COMPILATION_MODE = wholemodule;
				VALIDATE_PRODUCT = YES;
			};
			name = Release;
		};
		D5EA4E252F1DFC6C004FF6C7 /* Debug */ = {
			isa = XCBuildConfiguration;
			buildSettings = {
				BUNDLE_LOADER = "$(TEST_HOST)";
				CODE_SIGN_STYLE = Automatic;
				CURRENT_PROJECT_VERSION = 1;
				DEVELOPMENT_TEAM = 9S8SHSW95K;
				GENERATE_INFOPLIST_FILE = YES;
				IPHONEOS_DEPLOYMENT_TARGET = 26.2;
				MARKETING_VERSION = 1.0;
				PRODUCT_BUNDLE_IDENTIFIER = "com.GMYoo.LivingStory-iOSTests";
				PRODUCT_NAME = "$(TARGET_NAME)";
				STRING_CATALOG_GENERATE_SYMBOLS = NO;
				SWIFT_APPROACHABLE_CONCURRENCY = YES;
				SWIFT_EMIT_LOC_STRINGS = NO;
				SWIFT_UPCOMING_FEATURE_MEMBER_IMPORT_VISIBILITY = YES;
				SWIFT_VERSION = 5.0;
				TARGETED_DEVICE_FAMILY = "1,2";
				TEST_HOST = "$(BUILT_PRODUCTS_DIR)/LivingStory-iOS.app/$(BUNDLE_EXECUTABLE_FOLDER_PATH)/LivingStory-iOS";
			};
			name = Debug;
		};
		D5EA4E262F1DFC6C004FF6C7 /* Release */ = {
			isa = XCBuildConfiguration;
			buildSettings = {
				BUNDLE_LOADER = "$(TEST_HOST)";
				CODE_SIGN_STYLE = Automatic;
				CURRENT_PROJECT_VERSION = 1;
				DEVELOPMENT_TEAM = 9S8SHSW95K;
				GENERATE_INFOPLIST_FILE = YES;
				IPHONEOS_DEPLOYMENT_TARGET = 26.2;
				MARKETING_VERSION = 1.0;
				PRODUCT_BUNDLE_IDENTIFIER = "com.GMYoo.LivingStory-iOSTests";
				PRODUCT_NAME = "$(TARGET_NAME)";
				STRING_CATALOG_GENERATE_SYMBOLS = NO;
				SWIFT_APPROACHABLE_CONCURRENCY = YES;
				SWIFT_EMIT_LOC_STRINGS = NO;
				SWIFT_UPCOMING_FEATURE_MEMBER_IMPORT_VISIBILITY = YES;
				SWIFT_VERSION = 5.0;
				TARGETED_DEVICE_FAMILY = "1,2";
				TEST_HOST = "$(BUILT_PRODUCTS_DIR)/LivingStory-iOS.app/$(BUNDLE_EXECUTABLE_FOLDER_PATH)/LivingStory-iOS";
			};
			name = Release;
		};
		D5EA4E282F1DFC6C004FF6C7 /* Debug */ = {
			isa = XCBuildConfiguration;
			buildSettings = {
				CODE_SIGN_STYLE = Automatic;
				CURRENT_PROJECT_VERSION = 1;
				DEVELOPMENT_TEAM = 9S8SHSW95K;
				GENERATE_INFOPLIST_FILE = YES;
				MARKETING_VERSION = 1.0;
				PRODUCT_BUNDLE_IDENTIFIER = "com.GMYoo.LivingStory-iOSUITests";
				PRODUCT_NAME = "$(TARGET_NAME)";
				STRING_CATALOG_GENERATE_SYMBOLS = NO;
				SWIFT_APPROACHABLE_CONCURRENCY = YES;
				SWIFT_EMIT_LOC_STRINGS = NO;
				SWIFT_UPCOMING_FEATURE_MEMBER_IMPORT_VISIBILITY = YES;
				SWIFT_VERSION = 5.0;
				TARGETED_DEVICE_FAMILY = "1,2";
				TEST_TARGET_NAME = "LivingStory-iOS";
			};
			name = Debug;
		};
		D5EA4E292F1DFC6C004FF6C7 /* Release */ = {
			isa = XCBuildConfiguration;
			buildSettings = {
				CODE_SIGN_STYLE = Automatic;
				CURRENT_PROJECT_VERSION = 1;
				DEVELOPMENT_TEAM = 9S8SHSW95K;
				GENERATE_INFOPLIST_FILE = YES;
				MARKETING_VERSION = 1.0;
				PRODUCT_BUNDLE_IDENTIFIER = "com.GMYoo.LivingStory-iOSUITests";
				PRODUCT_NAME = "$(TARGET_NAME)";
				STRING_CATALOG_GENERATE_SYMBOLS = NO;
				SWIFT_APPROACHABLE_CONCURRENCY = YES;
				SWIFT_EMIT_LOC_STRINGS = NO;
				SWIFT_UPCOMING_FEATURE_MEMBER_IMPORT_VISIBILITY = YES;
				SWIFT_VERSION = 5.0;
				TARGETED_DEVICE_FAMILY = "1,2";
				TEST_TARGET_NAME = "LivingStory-iOS";
			};
			name = Release;
		};
/* End XCBuildConfiguration section */

/* Begin XCConfigurationList section */
		D5EA4DEE2F1DFC6B004FF6C7 /* Build configuration list for PBXProject "LivingStory-iOS" */ = {
			isa = XCConfigurationList;
			buildConfigurations = (
				D5EA4E222F1DFC6C004FF6C7 /* Debug */,
				D5EA4E232F1DFC6C004FF6C7 /* Release */,
			);
			defaultConfigurationIsVisible = 0;
			defaultConfigurationName = Release;
		};
		D5EA4E1F2F1DFC6C004FF6C7 /* Build configuration list for PBXNativeTarget "LivingStory-iOS" */ = {
			isa = XCConfigurationList;
			buildConfigurations = (
				D5EA4E202F1DFC6C004FF6C7 /* Debug */,
				D5EA4E212F1DFC6C004FF6C7 /* Release */,
			);
			defaultConfigurationIsVisible = 0;
			defaultConfigurationName = Release;
		};
		D5EA4E242F1DFC6C004FF6C7 /* Build configuration list for PBXNativeTarget "LivingStory-iOSTests" */ = {
			isa = XCConfigurationList;
			buildConfigurations = (
				D5EA4E252F1DFC6C004FF6C7 /* Debug */,
				D5EA4E262F1DFC6C004FF6C7 /* Release */,
			);
			defaultConfigurationIsVisible = 0;
			defaultConfigurationName = Release;
		};
		D5EA4E272F1DFC6C004FF6C7 /* Build configuration list for PBXNativeTarget "LivingStory-iOSUITests" */ = {
			isa = XCConfigurationList;
			buildConfigurations = (
				D5EA4E282F1DFC6C004FF6C7 /* Debug */,
				D5EA4E292F1DFC6C004FF6C7 /* Release */,
			);
			defaultConfigurationIsVisible = 0;
			defaultConfigurationName = Release;
		};
/* End XCConfigurationList section */
	};
	rootObject = D5EA4DEB2F1DFC6B004FF6C7 /* Project object */;
}
